{
  "version": 4,
  "terraform_version": "1.5.7",
  "serial": 46,
  "lineage": "d4b4ad23-ee95-7722-c0f7-1487bd8c93ab",
  "outputs": {
    "ansible_host": {
      "value": "44.213.119.13",
      "type": "string"
    },
    "ansible_ssh_private_key_file": {
      "value": "~/.ssh/id_rsa",
      "type": "string"
    },
    "ansible_user": {
      "value": "ec2-user",
      "type": "string"
    },
    "ssh_command": {
      "value": "ssh -i ~/.ssh/id_rsa ec2-user@44.213.119.13",
      "type": "string"
    },
    "web_instance_public_ip": {
      "value": "44.213.119.13",
      "type": "string"
    }
  },
  "resources": [
    {
      "mode": "managed",
      "type": "aws_instance",
      "name": "web",
      "provider": "provider[\"registry.terraform.io/hashicorp/aws\"]",
      "instances": [
        {
          "schema_version": 2,
          "attributes": {
            "ami": "ami-01b799c439fd5516a",
            "arn": "arn:aws:ec2:us-east-1:470037505301:instance/i-0544bc5cdfc7c3805",
            "associate_public_ip_address": true,
            "availability_zone": "us-east-1a",
            "capacity_reservation_specification": [
              {
                "capacity_reservation_preference": "open",
                "capacity_reservation_target": []
              }
            ],
            "cpu_options": [
              {
                "amd_sev_snp": "",
                "core_count": 1,
                "threads_per_core": 1
              }
            ],
            "credit_specification": [
              {
                "cpu_credits": "standard"
              }
            ],
            "disable_api_stop": false,
            "disable_api_termination": false,
            "ebs_block_device": [],
            "ebs_optimized": false,
            "enable_primary_ipv6": null,
            "enclave_options": [
              {
                "enabled": false
              }
            ],
            "ephemeral_block_device": [],
            "force_destroy": false,
            "get_password_data": false,
            "hibernation": false,
            "host_id": "",
            "host_resource_group_arn": null,
            "iam_instance_profile": "",
            "id": "i-0544bc5cdfc7c3805",
            "instance_initiated_shutdown_behavior": "stop",
            "instance_lifecycle": "",
            "instance_market_options": [],
            "instance_state": "running",
            "instance_type": "t2.micro",
            "ipv6_address_count": 0,
            "ipv6_addresses": [],
            "key_name": "ap-sg-server-key",
            "launch_template": [],
            "maintenance_options": [
              {
                "auto_recovery": "default"
              }
            ],
            "metadata_options": [
              {
                "http_endpoint": "enabled",
                "http_protocol_ipv6": "disabled",
                "http_put_response_hop_limit": 2,
                "http_tokens": "required",
                "instance_metadata_tags": "disabled"
              }
            ],
            "monitoring": false,
            "network_interface": [],
            "outpost_arn": "",
            "password_data": "",
            "placement_group": "",
            "placement_group_id": "",
            "placement_partition_number": 0,
            "primary_network_interface": [
              {
                "delete_on_termination": true,
                "network_interface_id": "eni-0f07ed7ad29b8920d"
              }
            ],
            "primary_network_interface_id": "eni-0f07ed7ad29b8920d",
            "private_dns": "ip-10-0-1-40.ec2.internal",
            "private_dns_name_options": [
              {
                "enable_resource_name_dns_a_record": false,
                "enable_resource_name_dns_aaaa_record": false,
                "hostname_type": "ip-name"
              }
            ],
            "private_ip": "10.0.1.40",
            "public_dns": "ec2-44-213-119-13.compute-1.amazonaws.com",
            "public_ip": "44.213.119.13",
            "region": "us-east-1",
            "root_block_device": [
              {
                "delete_on_termination": true,
                "device_name": "/dev/xvda",
                "encrypted": false,
                "iops": 3000,
                "kms_key_id": "",
                "tags": {},
                "tags_all": {},
                "throughput": 125,
                "volume_id": "vol-0906d44d1b0a3b747",
                "volume_size": 8,
                "volume_type": "gp3"
              }
            ],
            "secondary_private_ips": [],
            "security_groups": [],
            "source_dest_check": true,
            "spot_instance_request_id": "",
            "subnet_id": "subnet-0e2f095a0ee6526e4",
            "tags": {
              "Name": "ap-sg-server"
            },
            "tags_all": {
              "Name": "ap-sg-server"
            },
            "tenancy": "default",
            "timeouts": null,
            "user_data": null,
            "user_data_base64": null,
            "user_data_replace_on_change": false,
            "volume_tags": null,
            "vpc_security_group_ids": [
              "sg-0495457fec270254e"
            ]
          },
          "sensitive_attributes": [],
          "private": "eyJlMmJmYjczMC1lY2FhLTExZTYtOGY4OC0zNDM2M2JjN2M0YzAiOnsiY3JlYXRlIjo2MDAwMDAwMDAwMDAsImRlbGV0ZSI6MTIwMDAwMDAwMDAwMCwicmVhZCI6OTAwMDAwMDAwMDAwLCJ1cGRhdGUiOjYwMDAwMDAwMDAwMH0sInNjaGVtYV92ZXJzaW9uIjoiMiJ9",
          "dependencies": [
            "aws_key_pair.web_key",
            "aws_security_group.web_sg",
            "aws_subnet.web_subnet",
            "aws_vpc.vpc_cidr"
          ]
        }
      ]
    },
    {
      "mode": "managed",
      "type": "aws_internet_gateway",
      "name": "web_igw",
      "provider": "provider[\"registry.terraform.io/hashicorp/aws\"]",
      "instances": [
        {
          "schema_version": 0,
          "attributes": {
            "arn": "arn:aws:ec2:us-east-1:470037505301:internet-gateway/igw-0217e35587da3cffe",
            "id": "igw-0217e35587da3cffe",
            "owner_id": "470037505301",
            "region": "us-east-1",
            "tags": {
              "Name": "web-igw"
            },
            "tags_all": {
              "Name": "web-igw"
            },
            "timeouts": null,
            "vpc_id": "vpc-0a7e5193bf9c900d5"
          },
          "sensitive_attributes": [],
          "private": "eyJlMmJmYjczMC1lY2FhLTExZTYtOGY4OC0zNDM2M2JjN2M0YzAiOnsiY3JlYXRlIjoxMjAwMDAwMDAwMDAwLCJkZWxldGUiOjEyMDAwMDAwMDAwMDAsInVwZGF0ZSI6MTIwMDAwMDAwMDAwMH19",
          "dependencies": [
            "aws_vpc.vpc_cidr"
          ]
        }
      ]
    },
    {
      "mode": "managed",
      "type": "aws_key_pair",
      "name": "web_key",
      "provider": "provider[\"registry.terraform.io/hashicorp/aws\"]",
      "instances": [
        {
          "schema_version": 1,
          "attributes": {
            "arn": "arn:aws:ec2:us-east-1:470037505301:key-pair/ap-sg-server-key",
            "fingerprint": "c9:26:72:f6:5b:62:d9:a8:2e:f2:67:e5:e6:18:49:7c",
            "id": "ap-sg-server-key",
            "key_name": "ap-sg-server-key",
            "key_name_prefix": "",
            "key_pair_id": "key-0fcdb5544d3f2d9e3",
            "key_type": "rsa",
            "public_key": "ssh-rsa AAAAB3NzaC1yc2EAAAADAQABAAABAQDX2LFmNoQqk4RUf5Ya3YYl5ckS6hQpZDIkYrr4Lk6wMb21UJDDFCvDHoKKd65inYSIzrFuhgrfjvLf6FU2sbraei6s0AUxjCVNyYlvw02g7GmeG79Cw1jHqLW+V7r7cVj3gHjJgnuKp8OVz2vUaqPJZfV+VC5HgEJGwAcP6MsZVcR+46LHU3ngtYWBSsn5qtrkfR6hFybizsFdLXTZUUJG2Fg5+Q1V5auB6afXp61ST498JxuyWg6KtmdKii9JpIujn7xYacwCXzKU5oqVkXDTaHEz0y/KDHeovZNDcX175NJgZQ5msw8DJFV0M4us9RE+G7h1hWbvSIve6th2lqYJ acpcreation@Alexs-MacBook-Pro.local",
            "region": "us-east-1",
            "tags": {
              "Name": "ap-sg-server-keypair"
            },
            "tags_all": {
              "Name": "ap-sg-server-keypair"
            }
          },
          "sensitive_attributes": [],
          "private": "eyJzY2hlbWFfdmVyc2lvbiI6IjEifQ=="
        }
      ]
    },
    {
      "mode": "managed",
      "type": "aws_route_table",
      "name": "web_rt",
      "provider": "provider[\"registry.terraform.io/hashicorp/aws\"]",
      "instances": [
        {
          "schema_version": 0,
          "attributes": {
            "arn": "arn:aws:ec2:us-east-1:470037505301:route-table/rtb-0563993f3ed8ef3f3",
            "id": "rtb-0563993f3ed8ef3f3",
            "owner_id": "470037505301",
            "propagating_vgws": [],
            "region": "us-east-1",
            "route": [
              {
                "carrier_gateway_id": "",
                "cidr_block": "0.0.0.0/0",
                "core_network_arn": "",
                "destination_prefix_list_id": "",
                "egress_only_gateway_id": "",
                "gateway_id": "igw-0217e35587da3cffe",
                "ipv6_cidr_block": "",
                "local_gateway_id": "",
                "nat_gateway_id": "",
                "network_interface_id": "",
                "transit_gateway_id": "",
                "vpc_endpoint_id": "",
                "vpc_peering_connection_id": ""
              }
            ],
            "tags": {
              "Name": "web-route-table"
            },
            "tags_all": {
              "Name": "web-route-table"
            },
            "timeouts": null,
            "vpc_id": "vpc-0a7e5193bf9c900d5"
          },
          "sensitive_attributes": [],
          "private": "eyJlMmJmYjczMC1lY2FhLTExZTYtOGY4OC0zNDM2M2JjN2M0YzAiOnsiY3JlYXRlIjozMDAwMDAwMDAwMDAsImRlbGV0ZSI6MzAwMDAwMDAwMDAwLCJ1cGRhdGUiOjEyMDAwMDAwMDAwMH19",
          "dependencies": [
            "aws_internet_gateway.web_igw",
            "aws_vpc.vpc_cidr"
          ]
        }
      ]
    },
    {
      "mode": "managed",
      "type": "aws_route_table_association",
      "name": "web_rta",
      "provider": "provider[\"registry.terraform.io/hashicorp/aws\"]",
      "instances": [
        {
          "schema_version": 0,
          "attributes": {
            "gateway_id": "",
            "id": "rtbassoc-0dfc2dc16ae03af96",
            "region": "us-east-1",
            "route_table_id": "rtb-0563993f3ed8ef3f3",
            "subnet_id": "subnet-0e2f095a0ee6526e4",
            "timeouts": null
          },
          "sensitive_attributes": [],
          "private": "eyJlMmJmYjczMC1lY2FhLTExZTYtOGY4OC0zNDM2M2JjN2M0YzAiOnsiY3JlYXRlIjozMDAwMDAwMDAwMDAsImRlbGV0ZSI6MzAwMDAwMDAwMDAwLCJ1cGRhdGUiOjEyMDAwMDAwMDAwMH19",
          "dependencies": [
            "aws_internet_gateway.web_igw",
            "aws_route_table.web_rt",
            "aws_subnet.web_subnet",
            "aws_vpc.vpc_cidr"
          ]
        }
      ]
    },
    {
      "mode": "managed",
      "type": "aws_security_group",
      "name": "web_sg",
      "provider": "provider[\"registry.terraform.io/hashicorp/aws\"]",
      "instances": [
        {
          "schema_version": 1,
          "attributes": {
            "arn": "arn:aws:ec2:us-east-1:470037505301:security-group/sg-0495457fec270254e",
            "description": "Security group for ap-sg-server",
            "egress": [
              {
                "cidr_blocks": [
                  "0.0.0.0/0"
                ],
                "description": "",
                "from_port": 0,
                "ipv6_cidr_blocks": [],
                "prefix_list_ids": [],
                "protocol": "-1",
                "security_groups": [],
                "self": false,
                "to_port": 0
              }
            ],
            "id": "sg-0495457fec270254e",
            "ingress": [
              {
                "cidr_blocks": [
                  "0.0.0.0/0"
                ],
                "description": "HTTP",
                "from_port": 80,
                "ipv6_cidr_blocks": [],
                "prefix_list_ids": [],
                "protocol": "tcp",
                "security_groups": [],
                "self": false,
                "to_port": 80
              },
              {
                "cidr_blocks": [
                  "0.0.0.0/0"
                ],
                "description": "SSH",
                "from_port": 22,
                "ipv6_cidr_blocks": [],
                "prefix_list_ids": [],
                "protocol": "tcp",
                "security_groups": [],
                "self": false,
                "to_port": 22
              }
            ],
            "name": "ap-sg-server-security-group",
            "name_prefix": "",
            "owner_id": "470037505301",
            "region": "us-east-1",
            "revoke_rules_on_delete": false,
            "tags": {
              "Name": "ap-sg-server-security-group"
            },
            "tags_all": {
              "Name": "ap-sg-server-security-group"
            },
            "timeouts": null,
            "vpc_id": "vpc-0a7e5193bf9c900d5"
          },
          "sensitive_attributes": [],
          "private": "eyJlMmJmYjczMC1lY2FhLTExZTYtOGY4OC0zNDM2M2JjN2M0YzAiOnsiY3JlYXRlIjo2MDAwMDAwMDAwMDAsImRlbGV0ZSI6OTAwMDAwMDAwMDAwfSwic2NoZW1hX3ZlcnNpb24iOiIxIn0=",
          "dependencies": [
            "aws_vpc.vpc_cidr"
          ]
        }
      ]
    },
    {
      "mode": "managed",
      "type": "aws_subnet",
      "name": "web_subnet",
      "provider": "provider[\"registry.terraform.io/hashicorp/aws\"]",
      "instances": [
        {
          "schema_version": 1,
          "attributes": {
            "arn": "arn:aws:ec2:us-east-1:470037505301:subnet/subnet-0e2f095a0ee6526e4",
            "assign_ipv6_address_on_creation": false,
            "availability_zone": "us-east-1a",
            "availability_zone_id": "use1-az1",
            "cidr_block": "10.0.1.0/24",
            "customer_owned_ipv4_pool": "",
            "enable_dns64": false,
            "enable_lni_at_device_index": 0,
            "enable_resource_name_dns_a_record_on_launch": false,
            "enable_resource_name_dns_aaaa_record_on_launch": false,
            "id": "subnet-0e2f095a0ee6526e4",
            "ipv6_cidr_block": "",
            "ipv6_cidr_block_association_id": "",
            "ipv6_native": false,
            "map_customer_owned_ip_on_launch": false,
            "map_public_ip_on_launch": true,
            "outpost_arn": "",
            "owner_id": "470037505301",
            "private_dns_hostname_type_on_launch": "ip-name",
            "region": "us-east-1",
            "tags": {
              "Name": "web-subnet"
            },
            "tags_all": {
              "Name": "web-subnet"
            },
            "timeouts": null,
            "vpc_id": "vpc-0a7e5193bf9c900d5"
          },
          "sensitive_attributes": [],
          "private": "eyJlMmJmYjczMC1lY2FhLTExZTYtOGY4OC0zNDM2M2JjN2M0YzAiOnsiY3JlYXRlIjo2MDAwMDAwMDAwMDAsImRlbGV0ZSI6MTIwMDAwMDAwMDAwMH0sInNjaGVtYV92ZXJzaW9uIjoiMSJ9",
          "dependencies": [
            "aws_vpc.vpc_cidr"
          ]
        }
      ]
    },
    {
      "mode": "managed",
      "type": "aws_vpc",
      "name": "vpc_cidr",
      "provider": "provider[\"registry.terraform.io/hashicorp/aws\"]",
      "instances": [
        {
          "schema_version": 1,
          "attributes": {
            "arn": "arn:aws:ec2:us-east-1:470037505301:vpc/vpc-0a7e5193bf9c900d5",
            "assign_generated_ipv6_cidr_block": false,
            "cidr_block": "10.0.0.0/16",
            "default_network_acl_id": "acl-0b82b25055a821a32",
            "default_route_table_id": "rtb-09dceac58d0a29da7",
            "default_security_group_id": "sg-09bd7097fe3131f12",
            "dhcp_options_id": "dopt-08498c856e54888ec",
            "enable_dns_hostnames": true,
            "enable_dns_support": true,
            "enable_network_address_usage_metrics": false,
            "id": "vpc-0a7e5193bf9c900d5",
            "instance_tenancy": "default",
            "ipv4_ipam_pool_id": null,
            "ipv4_netmask_length": null,
            "ipv6_association_id": "",
            "ipv6_cidr_block": "",
            "ipv6_cidr_block_network_border_group": "",
            "ipv6_ipam_pool_id": "",
            "ipv6_netmask_length": 0,
            "main_route_table_id": "rtb-09dceac58d0a29da7",
            "owner_id": "470037505301",
            "region": "us-east-1",
            "tags": {
              "Name": "web-vpc"
            },
            "tags_all": {
              "Name": "web-vpc"
            }
          },
          "sensitive_attributes": [],
          "private": "eyJzY2hlbWFfdmVyc2lvbiI6IjEifQ=="
        }
      ]
    }
  ],
  "check_results": null
}
